// !$*UTF8*$!
{
	archiveVersion = 1;
	classes = {
	};
	objectVersion = 55;
	objects = {

/* Begin PBXBuildFile section */
		4505DC6C2874ABBA00D104EF /* AdoptionRequest.swift in Sources */ = {isa = PBXBuildFile; fileRef = 4505DC6B2874ABBA00D104EF /* AdoptionRequest.swift */; };
		4505DC6E2874AE9000D104EF /* BaseResponse.swift in Sources */ = {isa = PBXBuildFile; fileRef = 4505DC6D2874AE9000D104EF /* BaseResponse.swift */; };
		4505DC722874B06900D104EF /* AdoptionDataSource.swift in Sources */ = {isa = PBXBuildFile; fileRef = 4505DC712874B06900D104EF /* AdoptionDataSource.swift */; };
		4505DC742874B0B000D104EF /* AdoptionRepository.swift in Sources */ = {isa = PBXBuildFile; fileRef = 4505DC732874B0B000D104EF /* AdoptionRepository.swift */; };
		4506D575286B6384006CD863 /* SignUpViewModel.swift in Sources */ = {isa = PBXBuildFile; fileRef = 4506D574286B6384006CD863 /* SignUpViewModel.swift */; };
		4506D577286B7A0C006CD863 /* SuccessViewController.swift in Sources */ = {isa = PBXBuildFile; fileRef = 4506D576286B7A0C006CD863 /* SuccessViewController.swift */; };
		4506D57C286B7F22006CD863 /* successful.json in Resources */ = {isa = PBXBuildFile; fileRef = 4506D57B286B7F22006CD863 /* successful.json */; };
		4506D57E286BAC1F006CD863 /* AppUtils.swift in Sources */ = {isa = PBXBuildFile; fileRef = 4506D57D286BAC1F006CD863 /* AppUtils.swift */; };
		4506D580286BACE6006CD863 /* HttpUtil.swift in Sources */ = {isa = PBXBuildFile; fileRef = 4506D57F286BACE6006CD863 /* HttpUtil.swift */; };
		4506D583286BB95A006CD863 /* ProfileViewController.swift in Sources */ = {isa = PBXBuildFile; fileRef = 4506D582286BB95A006CD863 /* ProfileViewController.swift */; };
		4506D586286BBF38006CD863 /* CategoryCollectionViewCell.swift in Sources */ = {isa = PBXBuildFile; fileRef = 4506D585286BBF38006CD863 /* CategoryCollectionViewCell.swift */; };
		4506D58B286D0E3F006CD863 /* PetResponse.swift in Sources */ = {isa = PBXBuildFile; fileRef = 4506D58A286D0E3F006CD863 /* PetResponse.swift */; };
		4506D58D286D0ED9006CD863 /* Pet.swift in Sources */ = {isa = PBXBuildFile; fileRef = 4506D58C286D0ED9006CD863 /* Pet.swift */; };
		4506D58F286D0F01006CD863 /* Image.swift in Sources */ = {isa = PBXBuildFile; fileRef = 4506D58E286D0F01006CD863 /* Image.swift */; };
		450B3F1128611D8900F1B025 /* AppDelegate.swift in Sources */ = {isa = PBXBuildFile; fileRef = 450B3F1028611D8900F1B025 /* AppDelegate.swift */; };
		450B3F1328611D8900F1B025 /* SceneDelegate.swift in Sources */ = {isa = PBXBuildFile; fileRef = 450B3F1228611D8900F1B025 /* SceneDelegate.swift */; };
		450B3F1528611D8900F1B025 /* ViewController.swift in Sources */ = {isa = PBXBuildFile; fileRef = 450B3F1428611D8900F1B025 /* ViewController.swift */; };
		450B3F1828611D8900F1B025 /* Main.storyboard in Resources */ = {isa = PBXBuildFile; fileRef = 450B3F1628611D8900F1B025 /* Main.storyboard */; };
		450B3F1A28611D8A00F1B025 /* Assets.xcassets in Resources */ = {isa = PBXBuildFile; fileRef = 450B3F1928611D8A00F1B025 /* Assets.xcassets */; };
		450B3F1D28611D8A00F1B025 /* LaunchScreen.storyboard in Resources */ = {isa = PBXBuildFile; fileRef = 450B3F1B28611D8A00F1B025 /* LaunchScreen.storyboard */; };
		452D1DC32873BAF200748E52 /* ObjectSavable.swift in Sources */ = {isa = PBXBuildFile; fileRef = 452D1DC22873BAF200748E52 /* ObjectSavable.swift */; };
		452D1DC62873BF3000748E52 /* CacheExtension.swift in Sources */ = {isa = PBXBuildFile; fileRef = 452D1DC52873BF3000748E52 /* CacheExtension.swift */; };
		452D1DCB2873C06100748E52 /* UserData.swift in Sources */ = {isa = PBXBuildFile; fileRef = 452D1DCA2873C06100748E52 /* UserData.swift */; };
		452D1DCD2873C33A00748E52 /* UserProfileRepository.swift in Sources */ = {isa = PBXBuildFile; fileRef = 452D1DCC2873C33A00748E52 /* UserProfileRepository.swift */; };
		453D786B286786E500EBC53A /* PopUp.storyboard in Resources */ = {isa = PBXBuildFile; fileRef = 453D786A286786E500EBC53A /* PopUp.storyboard */; };
		453D786E2867884400EBC53A /* ErrorPopUpViewController.swift in Sources */ = {isa = PBXBuildFile; fileRef = 453D786D2867884400EBC53A /* ErrorPopUpViewController.swift */; };
		454074202861F3CD0076E075 /* UIExtensions.swift in Sources */ = {isa = PBXBuildFile; fileRef = 4540741F2861F3CD0076E075 /* UIExtensions.swift */; };
		454074242861FEEE0076E075 /* LogIn.storyboard in Resources */ = {isa = PBXBuildFile; fileRef = 454074232861FEEE0076E075 /* LogIn.storyboard */; };
		45407426286201C80076E075 /* LogInViewController.swift in Sources */ = {isa = PBXBuildFile; fileRef = 45407425286201C80076E075 /* LogInViewController.swift */; };
		45407428286202260076E075 /* ViewExtension.swift in Sources */ = {isa = PBXBuildFile; fileRef = 45407427286202260076E075 /* ViewExtension.swift */; };
		4540742E286291600076E075 /* SignUpViewController.swift in Sources */ = {isa = PBXBuildFile; fileRef = 4540742D286291600076E075 /* SignUpViewController.swift */; };
		4554A218286E1013001A2FE3 /* Category.swift in Sources */ = {isa = PBXBuildFile; fileRef = 4554A217286E1013001A2FE3 /* Category.swift */; };
		4554A21A286E135C001A2FE3 /* CategoryResponse.swift in Sources */ = {isa = PBXBuildFile; fileRef = 4554A219286E135C001A2FE3 /* CategoryResponse.swift */; };
		4554A21C286E1440001A2FE3 /* PetRepository.swift in Sources */ = {isa = PBXBuildFile; fileRef = 4554A21B286E1440001A2FE3 /* PetRepository.swift */; };
		4554A21E286E18EE001A2FE3 /* HomeViewModel.swift in Sources */ = {isa = PBXBuildFile; fileRef = 4554A21D286E18EE001A2FE3 /* HomeViewModel.swift */; };
		4554A220286E4D27001A2FE3 /* PetCollectionViewCell.swift in Sources */ = {isa = PBXBuildFile; fileRef = 4554A21F286E4D27001A2FE3 /* PetCollectionViewCell.swift */; };
		4554A222286E7286001A2FE3 /* PetProfileViewController.swift in Sources */ = {isa = PBXBuildFile; fileRef = 4554A221286E7286001A2FE3 /* PetProfileViewController.swift */; };
		455505D02866536D0095D71A /* AdoptionViewController.swift in Sources */ = {isa = PBXBuildFile; fileRef = 455505CF2866536D0095D71A /* AdoptionViewController.swift */; };
		455505D2286653A30095D71A /* MainTabBarViewController.swift in Sources */ = {isa = PBXBuildFile; fileRef = 455505D1286653A30095D71A /* MainTabBarViewController.swift */; };
		455505D4286659EA0095D71A /* HomeViewController.swift in Sources */ = {isa = PBXBuildFile; fileRef = 455505D3286659EA0095D71A /* HomeViewController.swift */; };
		458523C62869E8A7007C9F07 /* LoginRepository.swift in Sources */ = {isa = PBXBuildFile; fileRef = 458523C52869E8A7007C9F07 /* LoginRepository.swift */; };
		458523C92869E992007C9F07 /* User.swift in Sources */ = {isa = PBXBuildFile; fileRef = 458523C82869E992007C9F07 /* User.swift */; };
		458523CD2869EA1E007C9F07 /* AuthRequest.swift in Sources */ = {isa = PBXBuildFile; fileRef = 458523CC2869EA1E007C9F07 /* AuthRequest.swift */; };
		458523CF2869EA4C007C9F07 /* AuthResponse.swift in Sources */ = {isa = PBXBuildFile; fileRef = 458523CE2869EA4C007C9F07 /* AuthResponse.swift */; };
		458523D22869FF39007C9F07 /* LogInViewModel.swift in Sources */ = {isa = PBXBuildFile; fileRef = 458523D12869FF39007C9F07 /* LogInViewModel.swift */; };
		458523D5286A06BE007C9F07 /* ApiUtils.swift in Sources */ = {isa = PBXBuildFile; fileRef = 458523D4286A06BE007C9F07 /* ApiUtils.swift */; };
		458523D8286A6DE9007C9F07 /* AccountRequest.swift in Sources */ = {isa = PBXBuildFile; fileRef = 458523D7286A6DE9007C9F07 /* AccountRequest.swift */; };
		45E536862873345600260F6F /* PetBannerCollectionViewCell.swift in Sources */ = {isa = PBXBuildFile; fileRef = 45E536852873345600260F6F /* PetBannerCollectionViewCell.swift */; };
		45E5368A28734C9F00260F6F /* PetProfileViewModel.swift in Sources */ = {isa = PBXBuildFile; fileRef = 45E5368928734C9F00260F6F /* PetProfileViewModel.swift */; };
		45E5368C28734E0400260F6F /* PetProfileResponse.swift in Sources */ = {isa = PBXBuildFile; fileRef = 45E5368B28734E0400260F6F /* PetProfileResponse.swift */; };
		4F1C1950B6ACE8BDBF39B458 /* Pods_PetAdoptionApp.framework in Frameworks */ = {isa = PBXBuildFile; fileRef = E708A8E7AD2E147CA9B158D0 /* Pods_PetAdoptionApp.framework */; };
/* End PBXBuildFile section */

/* Begin PBXFileReference section */
		4505DC6B2874ABBA00D104EF /* AdoptionRequest.swift */ = {isa = PBXFileReference; lastKnownFileType = sourcecode.swift; path = AdoptionRequest.swift; sourceTree = "<group>"; };
		4505DC6D2874AE9000D104EF /* BaseResponse.swift */ = {isa = PBXFileReference; lastKnownFileType = sourcecode.swift; path = BaseResponse.swift; sourceTree = "<group>"; };
		4505DC712874B06900D104EF /* AdoptionDataSource.swift */ = {isa = PBXFileReference; lastKnownFileType = sourcecode.swift; path = AdoptionDataSource.swift; sourceTree = "<group>"; };
		4505DC732874B0B000D104EF /* AdoptionRepository.swift */ = {isa = PBXFileReference; lastKnownFileType = sourcecode.swift; path = AdoptionRepository.swift; sourceTree = "<group>"; };
		4506D574286B6384006CD863 /* SignUpViewModel.swift */ = {isa = PBXFileReference; lastKnownFileType = sourcecode.swift; path = SignUpViewModel.swift; sourceTree = "<group>"; };
		4506D576286B7A0C006CD863 /* SuccessViewController.swift */ = {isa = PBXFileReference; lastKnownFileType = sourcecode.swift; path = SuccessViewController.swift; sourceTree = "<group>"; };
		4506D57B286B7F22006CD863 /* successful.json */ = {isa = PBXFileReference; fileEncoding = 4; lastKnownFileType = text.json; name = successful.json; path = ../../../../../../Downloads/successful.json; sourceTree = "<group>"; };
		4506D57D286BAC1F006CD863 /* AppUtils.swift */ = {isa = PBXFileReference; lastKnownFileType = sourcecode.swift; path = AppUtils.swift; sourceTree = "<group>"; };
		4506D57F286BACE6006CD863 /* HttpUtil.swift */ = {isa = PBXFileReference; lastKnownFileType = sourcecode.swift; path = HttpUtil.swift; sourceTree = "<group>"; };
		4506D582286BB95A006CD863 /* ProfileViewController.swift */ = {isa = PBXFileReference; lastKnownFileType = sourcecode.swift; path = ProfileViewController.swift; sourceTree = "<group>"; };
		4506D585286BBF38006CD863 /* CategoryCollectionViewCell.swift */ = {isa = PBXFileReference; lastKnownFileType = sourcecode.swift; path = CategoryCollectionViewCell.swift; sourceTree = "<group>"; };
		4506D58A286D0E3F006CD863 /* PetResponse.swift */ = {isa = PBXFileReference; lastKnownFileType = sourcecode.swift; path = PetResponse.swift; sourceTree = "<group>"; };
		4506D58C286D0ED9006CD863 /* Pet.swift */ = {isa = PBXFileReference; lastKnownFileType = sourcecode.swift; path = Pet.swift; sourceTree = "<group>"; };
		4506D58E286D0F01006CD863 /* Image.swift */ = {isa = PBXFileReference; lastKnownFileType = sourcecode.swift; path = Image.swift; sourceTree = "<group>"; };
		450B3F0D28611D8900F1B025 /* PetAdoptionApp.app */ = {isa = PBXFileReference; explicitFileType = wrapper.application; includeInIndex = 0; path = PetAdoptionApp.app; sourceTree = BUILT_PRODUCTS_DIR; };
		450B3F1028611D8900F1B025 /* AppDelegate.swift */ = {isa = PBXFileReference; lastKnownFileType = sourcecode.swift; path = AppDelegate.swift; sourceTree = "<group>"; };
		450B3F1228611D8900F1B025 /* SceneDelegate.swift */ = {isa = PBXFileReference; lastKnownFileType = sourcecode.swift; path = SceneDelegate.swift; sourceTree = "<group>"; };
		450B3F1428611D8900F1B025 /* ViewController.swift */ = {isa = PBXFileReference; lastKnownFileType = sourcecode.swift; path = ViewController.swift; sourceTree = "<group>"; };
		450B3F1728611D8900F1B025 /* Base */ = {isa = PBXFileReference; lastKnownFileType = file.storyboard; name = Base; path = Base.lproj/Main.storyboard; sourceTree = "<group>"; };
		450B3F1928611D8A00F1B025 /* Assets.xcassets */ = {isa = PBXFileReference; lastKnownFileType = folder.assetcatalog; path = Assets.xcassets; sourceTree = "<group>"; };
		450B3F1C28611D8A00F1B025 /* Base */ = {isa = PBXFileReference; lastKnownFileType = file.storyboard; name = Base; path = Base.lproj/LaunchScreen.storyboard; sourceTree = "<group>"; };
		450B3F1E28611D8A00F1B025 /* Info.plist */ = {isa = PBXFileReference; lastKnownFileType = text.plist.xml; path = Info.plist; sourceTree = "<group>"; };
		452D1DC22873BAF200748E52 /* ObjectSavable.swift */ = {isa = PBXFileReference; lastKnownFileType = sourcecode.swift; path = ObjectSavable.swift; sourceTree = "<group>"; };
		452D1DC52873BF3000748E52 /* CacheExtension.swift */ = {isa = PBXFileReference; lastKnownFileType = sourcecode.swift; path = CacheExtension.swift; sourceTree = "<group>"; };
		452D1DCA2873C06100748E52 /* UserData.swift */ = {isa = PBXFileReference; lastKnownFileType = sourcecode.swift; path = UserData.swift; sourceTree = "<group>"; };
		452D1DCC2873C33A00748E52 /* UserProfileRepository.swift */ = {isa = PBXFileReference; lastKnownFileType = sourcecode.swift; path = UserProfileRepository.swift; sourceTree = "<group>"; };
		453D786A286786E500EBC53A /* PopUp.storyboard */ = {isa = PBXFileReference; lastKnownFileType = file.storyboard; path = PopUp.storyboard; sourceTree = "<group>"; };
		453D786D2867884400EBC53A /* ErrorPopUpViewController.swift */ = {isa = PBXFileReference; lastKnownFileType = sourcecode.swift; path = ErrorPopUpViewController.swift; sourceTree = "<group>"; };
		4540741F2861F3CD0076E075 /* UIExtensions.swift */ = {isa = PBXFileReference; lastKnownFileType = sourcecode.swift; path = UIExtensions.swift; sourceTree = "<group>"; };
		454074232861FEEE0076E075 /* LogIn.storyboard */ = {isa = PBXFileReference; lastKnownFileType = file.storyboard; path = LogIn.storyboard; sourceTree = "<group>"; };
		45407425286201C80076E075 /* LogInViewController.swift */ = {isa = PBXFileReference; lastKnownFileType = sourcecode.swift; path = LogInViewController.swift; sourceTree = "<group>"; };
		45407427286202260076E075 /* ViewExtension.swift */ = {isa = PBXFileReference; lastKnownFileType = sourcecode.swift; path = ViewExtension.swift; sourceTree = "<group>"; };
		4540742D286291600076E075 /* SignUpViewController.swift */ = {isa = PBXFileReference; lastKnownFileType = sourcecode.swift; path = SignUpViewController.swift; sourceTree = "<group>"; };
		4554A217286E1013001A2FE3 /* Category.swift */ = {isa = PBXFileReference; lastKnownFileType = sourcecode.swift; path = Category.swift; sourceTree = "<group>"; };
		4554A219286E135C001A2FE3 /* CategoryResponse.swift */ = {isa = PBXFileReference; lastKnownFileType = sourcecode.swift; path = CategoryResponse.swift; sourceTree = "<group>"; };
		4554A21B286E1440001A2FE3 /* PetRepository.swift */ = {isa = PBXFileReference; lastKnownFileType = sourcecode.swift; path = PetRepository.swift; sourceTree = "<group>"; };
		4554A21D286E18EE001A2FE3 /* HomeViewModel.swift */ = {isa = PBXFileReference; lastKnownFileType = sourcecode.swift; path = HomeViewModel.swift; sourceTree = "<group>"; };
		4554A21F286E4D27001A2FE3 /* PetCollectionViewCell.swift */ = {isa = PBXFileReference; lastKnownFileType = sourcecode.swift; path = PetCollectionViewCell.swift; sourceTree = "<group>"; };
		4554A221286E7286001A2FE3 /* PetProfileViewController.swift */ = {isa = PBXFileReference; lastKnownFileType = sourcecode.swift; path = PetProfileViewController.swift; sourceTree = "<group>"; };
		455505CF2866536D0095D71A /* AdoptionViewController.swift */ = {isa = PBXFileReference; lastKnownFileType = sourcecode.swift; path = AdoptionViewController.swift; sourceTree = "<group>"; };
		455505D1286653A30095D71A /* MainTabBarViewController.swift */ = {isa = PBXFileReference; lastKnownFileType = sourcecode.swift; path = MainTabBarViewController.swift; sourceTree = "<group>"; };
		455505D3286659EA0095D71A /* HomeViewController.swift */ = {isa = PBXFileReference; lastKnownFileType = sourcecode.swift; path = HomeViewController.swift; sourceTree = "<group>"; };
		458523C52869E8A7007C9F07 /* LoginRepository.swift */ = {isa = PBXFileReference; lastKnownFileType = sourcecode.swift; path = LoginRepository.swift; sourceTree = "<group>"; };
		458523C82869E992007C9F07 /* User.swift */ = {isa = PBXFileReference; lastKnownFileType = sourcecode.swift; path = User.swift; sourceTree = "<group>"; };
		458523CC2869EA1E007C9F07 /* AuthRequest.swift */ = {isa = PBXFileReference; lastKnownFileType = sourcecode.swift; path = AuthRequest.swift; sourceTree = "<group>"; };
		458523CE2869EA4C007C9F07 /* AuthResponse.swift */ = {isa = PBXFileReference; lastKnownFileType = sourcecode.swift; path = AuthResponse.swift; sourceTree = "<group>"; };
		458523D12869FF39007C9F07 /* LogInViewModel.swift */ = {isa = PBXFileReference; lastKnownFileType = sourcecode.swift; path = LogInViewModel.swift; sourceTree = "<group>"; };
		458523D4286A06BE007C9F07 /* ApiUtils.swift */ = {isa = PBXFileReference; lastKnownFileType = sourcecode.swift; path = ApiUtils.swift; sourceTree = "<group>"; };
		458523D7286A6DE9007C9F07 /* AccountRequest.swift */ = {isa = PBXFileReference; lastKnownFileType = sourcecode.swift; path = AccountRequest.swift; sourceTree = "<group>"; };
		45E536852873345600260F6F /* PetBannerCollectionViewCell.swift */ = {isa = PBXFileReference; lastKnownFileType = sourcecode.swift; path = PetBannerCollectionViewCell.swift; sourceTree = "<group>"; };
		45E5368928734C9F00260F6F /* PetProfileViewModel.swift */ = {isa = PBXFileReference; lastKnownFileType = sourcecode.swift; path = PetProfileViewModel.swift; sourceTree = "<group>"; };
		45E5368B28734E0400260F6F /* PetProfileResponse.swift */ = {isa = PBXFileReference; lastKnownFileType = sourcecode.swift; path = PetProfileResponse.swift; sourceTree = "<group>"; };
		DF5AE19B79467414395DAB09 /* Pods-PetAdoptionApp.debug.xcconfig */ = {isa = PBXFileReference; includeInIndex = 1; lastKnownFileType = text.xcconfig; name = "Pods-PetAdoptionApp.debug.xcconfig"; path = "Target Support Files/Pods-PetAdoptionApp/Pods-PetAdoptionApp.debug.xcconfig"; sourceTree = "<group>"; };
		E708A8E7AD2E147CA9B158D0 /* Pods_PetAdoptionApp.framework */ = {isa = PBXFileReference; explicitFileType = wrapper.framework; includeInIndex = 0; path = Pods_PetAdoptionApp.framework; sourceTree = BUILT_PRODUCTS_DIR; };
		EDDFAA98D766BD86E2B3B3FE /* Pods-PetAdoptionApp.release.xcconfig */ = {isa = PBXFileReference; includeInIndex = 1; lastKnownFileType = text.xcconfig; name = "Pods-PetAdoptionApp.release.xcconfig"; path = "Target Support Files/Pods-PetAdoptionApp/Pods-PetAdoptionApp.release.xcconfig"; sourceTree = "<group>"; };
/* End PBXFileReference section */

/* Begin PBXFrameworksBuildPhase section */
		450B3F0A28611D8900F1B025 /* Frameworks */ = {
			isa = PBXFrameworksBuildPhase;
			buildActionMask = 2147483647;
			files = (
				4F1C1950B6ACE8BDBF39B458 /* Pods_PetAdoptionApp.framework in Frameworks */,
			);
			runOnlyForDeploymentPostprocessing = 0;
		};
/* End PBXFrameworksBuildPhase section */

/* Begin PBXGroup section */
		2F45AF602668D610E98D8E9D /* Pods */ = {
			isa = PBXGroup;
			children = (
				DF5AE19B79467414395DAB09 /* Pods-PetAdoptionApp.debug.xcconfig */,
				EDDFAA98D766BD86E2B3B3FE /* Pods-PetAdoptionApp.release.xcconfig */,
			);
			path = Pods;
			sourceTree = "<group>";
		};
		4506D573286B5F27006CD863 /* service */ = {
			isa = PBXGroup;
			children = (
				458523C52869E8A7007C9F07 /* LoginRepository.swift */,
				4554A21B286E1440001A2FE3 /* PetRepository.swift */,
				4505DC712874B06900D104EF /* AdoptionDataSource.swift */,
			);
			path = service;
			sourceTree = "<group>";
		};
		4506D578286B7C2B006CD863 /* lottie */ = {
			isa = PBXGroup;
			children = (
				4506D57B286B7F22006CD863 /* successful.json */,
			);
			path = lottie;
			sourceTree = "<group>";
		};
		4506D581286BAF67006CD863 /* application */ = {
			isa = PBXGroup;
			children = (
				450B3F1028611D8900F1B025 /* AppDelegate.swift */,
				450B3F1228611D8900F1B025 /* SceneDelegate.swift */,
			);
			path = application;
			sourceTree = "<group>";
		};
		4506D584286BBF15006CD863 /* cells */ = {
			isa = PBXGroup;
			children = (
				4506D585286BBF38006CD863 /* CategoryCollectionViewCell.swift */,
				4554A21F286E4D27001A2FE3 /* PetCollectionViewCell.swift */,
				45E536852873345600260F6F /* PetBannerCollectionViewCell.swift */,
			);
			path = cells;
			sourceTree = "<group>";
		};
		4506D587286D0D82006CD863 /* repository */ = {
			isa = PBXGroup;
			children = (
				452D1DCC2873C33A00748E52 /* UserProfileRepository.swift */,
				4505DC732874B0B000D104EF /* AdoptionRepository.swift */,
			);
			path = repository;
			sourceTree = "<group>";
		};
		450B3F0428611D8900F1B025 = {
			isa = PBXGroup;
			children = (
				450B3F0F28611D8900F1B025 /* PetAdoptionApp */,
				450B3F0E28611D8900F1B025 /* Products */,
				2F45AF602668D610E98D8E9D /* Pods */,
				5656519E35421879DDE306B7 /* Frameworks */,
			);
			sourceTree = "<group>";
		};
		450B3F0E28611D8900F1B025 /* Products */ = {
			isa = PBXGroup;
			children = (
				450B3F0D28611D8900F1B025 /* PetAdoptionApp.app */,
			);
			name = Products;
			sourceTree = "<group>";
		};
		450B3F0F28611D8900F1B025 /* PetAdoptionApp */ = {
			isa = PBXGroup;
			children = (
				4506D581286BAF67006CD863 /* application */,
				458523C72869E941007C9F07 /* model */,
				458523C32869E608007C9F07 /* domain */,
				454074212861FE960076E075 /* view */,
				4540741E2861F3A70076E075 /* utils */,
				450B3F1428611D8900F1B025 /* ViewController.swift */,
				450B3F1928611D8A00F1B025 /* Assets.xcassets */,
				450B3F1B28611D8A00F1B025 /* LaunchScreen.storyboard */,
				450B3F1E28611D8A00F1B025 /* Info.plist */,
			);
			path = PetAdoptionApp;
			sourceTree = "<group>";
		};
		452D1DC42873BE6400748E52 /* extensions */ = {
			isa = PBXGroup;
			children = (
				4540741F2861F3CD0076E075 /* UIExtensions.swift */,
				45407427286202260076E075 /* ViewExtension.swift */,
				452D1DC52873BF3000748E52 /* CacheExtension.swift */,
			);
			path = extensions;
			sourceTree = "<group>";
		};
		452D1DC72873BFC000748E52 /* data */ = {
			isa = PBXGroup;
			children = (
				452D1DC92873BFDC00748E52 /* local */,
				452D1DC82873BFCC00748E52 /* remote */,
			);
			path = data;
			sourceTree = "<group>";
		};
		452D1DC82873BFCC00748E52 /* remote */ = {
			isa = PBXGroup;
			children = (
				458523C42869E892007C9F07 /* service */,
			);
			path = remote;
			sourceTree = "<group>";
		};
		452D1DC92873BFDC00748E52 /* local */ = {
			isa = PBXGroup;
			children = (
				452D1DCA2873C06100748E52 /* UserData.swift */,
			);
			path = local;
			sourceTree = "<group>";
		};
		453D7869286786BF00EBC53A /* protocols */ = {
			isa = PBXGroup;
			children = (
				452D1DC22873BAF200748E52 /* ObjectSavable.swift */,
			);
			path = protocols;
			sourceTree = "<group>";
		};
		453D786C2867882300EBC53A /* PopUp */ = {
			isa = PBXGroup;
			children = (
				453D786D2867884400EBC53A /* ErrorPopUpViewController.swift */,
				4506D576286B7A0C006CD863 /* SuccessViewController.swift */,
			);
			path = PopUp;
			sourceTree = "<group>";
		};
		4540741E2861F3A70076E075 /* utils */ = {
			isa = PBXGroup;
			children = (
				452D1DC42873BE6400748E52 /* extensions */,
				4506D578286B7C2B006CD863 /* lottie */,
				458523D3286A0687007C9F07 /* network */,
				4506D57D286BAC1F006CD863 /* AppUtils.swift */,
			);
			path = utils;
			sourceTree = "<group>";
		};
		454074212861FE960076E075 /* view */ = {
			isa = PBXGroup;
			children = (
				4506D584286BBF15006CD863 /* cells */,
				454074222861FEA50076E075 /* viewController */,
				458523D02869FF21007C9F07 /* viewModel */,
				4549502C2863D16C003D0DA7 /* customView */,
				454074232861FEEE0076E075 /* LogIn.storyboard */,
				450B3F1628611D8900F1B025 /* Main.storyboard */,
			);
			path = view;
			sourceTree = "<group>";
		};
		454074222861FEA50076E075 /* viewController */ = {
			isa = PBXGroup;
			children = (
				453D786C2867882300EBC53A /* PopUp */,
				453D7869286786BF00EBC53A /* protocols */,
				455505D52866600B0095D71A /* navigation */,
				45407425286201C80076E075 /* LogInViewController.swift */,
				4540742D286291600076E075 /* SignUpViewController.swift */,
				4554A221286E7286001A2FE3 /* PetProfileViewController.swift */,
			);
			path = viewController;
			sourceTree = "<group>";
		};
		4549502C2863D16C003D0DA7 /* customView */ = {
			isa = PBXGroup;
			children = (
				453D786A286786E500EBC53A /* PopUp.storyboard */,
			);
			path = customView;
			sourceTree = "<group>";
		};
		455505D52866600B0095D71A /* navigation */ = {
			isa = PBXGroup;
			children = (
				455505D1286653A30095D71A /* MainTabBarViewController.swift */,
				455505CF2866536D0095D71A /* AdoptionViewController.swift */,
				455505D3286659EA0095D71A /* HomeViewController.swift */,
				4506D582286BB95A006CD863 /* ProfileViewController.swift */,
			);
			path = navigation;
			sourceTree = "<group>";
		};
		458523C32869E608007C9F07 /* domain */ = {
			isa = PBXGroup;
			children = (
				452D1DC72873BFC000748E52 /* data */,
				4506D587286D0D82006CD863 /* repository */,
			);
			path = domain;
			sourceTree = "<group>";
		};
		458523C42869E892007C9F07 /* service */ = {
			isa = PBXGroup;
			children = (
				4506D573286B5F27006CD863 /* service */,
				458523CB2869E9FE007C9F07 /* response */,
				458523CA2869E9F6007C9F07 /* request */,
			);
			path = service;
			sourceTree = "<group>";
		};
		458523C72869E941007C9F07 /* model */ = {
			isa = PBXGroup;
			children = (
				458523C82869E992007C9F07 /* User.swift */,
				4506D58C286D0ED9006CD863 /* Pet.swift */,
				4506D58E286D0F01006CD863 /* Image.swift */,
				4554A217286E1013001A2FE3 /* Category.swift */,
			);
			path = model;
			sourceTree = "<group>";
		};
		458523CA2869E9F6007C9F07 /* request */ = {
			isa = PBXGroup;
			children = (
				458523CC2869EA1E007C9F07 /* AuthRequest.swift */,
				458523D7286A6DE9007C9F07 /* AccountRequest.swift */,
				4505DC6B2874ABBA00D104EF /* AdoptionRequest.swift */,
			);
			path = request;
			sourceTree = "<group>";
		};
		458523CB2869E9FE007C9F07 /* response */ = {
			isa = PBXGroup;
			children = (
				4506D58A286D0E3F006CD863 /* PetResponse.swift */,
				458523CE2869EA4C007C9F07 /* AuthResponse.swift */,
				4554A219286E135C001A2FE3 /* CategoryResponse.swift */,
				45E5368B28734E0400260F6F /* PetProfileResponse.swift */,
				4505DC6D2874AE9000D104EF /* BaseResponse.swift */,
			);
			path = response;
			sourceTree = "<group>";
		};
		458523D02869FF21007C9F07 /* viewModel */ = {
			isa = PBXGroup;
			children = (
				458523D12869FF39007C9F07 /* LogInViewModel.swift */,
				4506D574286B6384006CD863 /* SignUpViewModel.swift */,
				4554A21D286E18EE001A2FE3 /* HomeViewModel.swift */,
				45E5368928734C9F00260F6F /* PetProfileViewModel.swift */,
			);
			path = viewModel;
			sourceTree = "<group>";
		};
		458523D3286A0687007C9F07 /* network */ = {
			isa = PBXGroup;
			children = (
				458523D4286A06BE007C9F07 /* ApiUtils.swift */,
				4506D57F286BACE6006CD863 /* HttpUtil.swift */,
			);
			path = network;
			sourceTree = "<group>";
		};
		5656519E35421879DDE306B7 /* Frameworks */ = {
			isa = PBXGroup;
			children = (
				E708A8E7AD2E147CA9B158D0 /* Pods_PetAdoptionApp.framework */,
			);
			name = Frameworks;
			sourceTree = "<group>";
		};
/* End PBXGroup section */

/* Begin PBXNativeTarget section */
		450B3F0C28611D8900F1B025 /* PetAdoptionApp */ = {
			isa = PBXNativeTarget;
			buildConfigurationList = 450B3F2128611D8A00F1B025 /* Build configuration list for PBXNativeTarget "PetAdoptionApp" */;
			buildPhases = (
				F627D8327BBDD3F6D75A1A5B /* [CP] Check Pods Manifest.lock */,
				450B3F0928611D8900F1B025 /* Sources */,
				450B3F0A28611D8900F1B025 /* Frameworks */,
				450B3F0B28611D8900F1B025 /* Resources */,
				17C9784A5FB748A357E9CF8F /* [CP] Embed Pods Frameworks */,
			);
			buildRules = (
			);
			dependencies = (
			);
			name = PetAdoptionApp;
			productName = PetAdoptionApp;
			productReference = 450B3F0D28611D8900F1B025 /* PetAdoptionApp.app */;
			productType = "com.apple.product-type.application";
		};
/* End PBXNativeTarget section */

/* Begin PBXProject section */
		450B3F0528611D8900F1B025 /* Project object */ = {
			isa = PBXProject;
			attributes = {
				BuildIndependentTargetsInParallel = 1;
				LastSwiftUpdateCheck = 1320;
				LastUpgradeCheck = 1320;
				TargetAttributes = {
					450B3F0C28611D8900F1B025 = {
						CreatedOnToolsVersion = 13.2.1;
					};
				};
			};
			buildConfigurationList = 450B3F0828611D8900F1B025 /* Build configuration list for PBXProject "PetAdoptionApp" */;
			compatibilityVersion = "Xcode 13.0";
			developmentRegion = en;
			hasScannedForEncodings = 0;
			knownRegions = (
				en,
				Base,
			);
			mainGroup = 450B3F0428611D8900F1B025;
			productRefGroup = 450B3F0E28611D8900F1B025 /* Products */;
			projectDirPath = "";
			projectRoot = "";
			targets = (
				450B3F0C28611D8900F1B025 /* PetAdoptionApp */,
			);
		};
/* End PBXProject section */

/* Begin PBXResourcesBuildPhase section */
		450B3F0B28611D8900F1B025 /* Resources */ = {
			isa = PBXResourcesBuildPhase;
			buildActionMask = 2147483647;
			files = (
				4506D57C286B7F22006CD863 /* successful.json in Resources */,
				453D786B286786E500EBC53A /* PopUp.storyboard in Resources */,
				454074242861FEEE0076E075 /* LogIn.storyboard in Resources */,
				450B3F1D28611D8A00F1B025 /* LaunchScreen.storyboard in Resources */,
				450B3F1A28611D8A00F1B025 /* Assets.xcassets in Resources */,
				450B3F1828611D8900F1B025 /* Main.storyboard in Resources */,
			);
			runOnlyForDeploymentPostprocessing = 0;
		};
/* End PBXResourcesBuildPhase section */

/* Begin PBXShellScriptBuildPhase section */
		17C9784A5FB748A357E9CF8F /* [CP] Embed Pods Frameworks */ = {
			isa = PBXShellScriptBuildPhase;
			buildActionMask = 2147483647;
			files = (
			);
			inputFileListPaths = (
				"${PODS_ROOT}/Target Support Files/Pods-PetAdoptionApp/Pods-PetAdoptionApp-frameworks-${CONFIGURATION}-input-files.xcfilelist",
			);
			name = "[CP] Embed Pods Frameworks";
			outputFileListPaths = (
				"${PODS_ROOT}/Target Support Files/Pods-PetAdoptionApp/Pods-PetAdoptionApp-frameworks-${CONFIGURATION}-output-files.xcfilelist",
			);
			runOnlyForDeploymentPostprocessing = 0;
			shellPath = /bin/sh;
			shellScript = "\"${PODS_ROOT}/Target Support Files/Pods-PetAdoptionApp/Pods-PetAdoptionApp-frameworks.sh\"\n";
			showEnvVarsInLog = 0;
		};
		F627D8327BBDD3F6D75A1A5B /* [CP] Check Pods Manifest.lock */ = {
			isa = PBXShellScriptBuildPhase;
			buildActionMask = 2147483647;
			files = (
			);
			inputFileListPaths = (
			);
			inputPaths = (
				"${PODS_PODFILE_DIR_PATH}/Podfile.lock",
				"${PODS_ROOT}/Manifest.lock",
			);
			name = "[CP] Check Pods Manifest.lock";
			outputFileListPaths = (
			);
			outputPaths = (
				"$(DERIVED_FILE_DIR)/Pods-PetAdoptionApp-checkManifestLockResult.txt",
			);
			runOnlyForDeploymentPostprocessing = 0;
			shellPath = /bin/sh;
			shellScript = "diff \"${PODS_PODFILE_DIR_PATH}/Podfile.lock\" \"${PODS_ROOT}/Manifest.lock\" > /dev/null\nif [ $? != 0 ] ; then\n    # print error to STDERR\n    echo \"error: The sandbox is not in sync with the Podfile.lock. Run 'pod install' or update your CocoaPods installation.\" >&2\n    exit 1\nfi\n# This output is used by Xcode 'outputs' to avoid re-running this script phase.\necho \"SUCCESS\" > \"${SCRIPT_OUTPUT_FILE_0}\"\n";
			showEnvVarsInLog = 0;
		};
/* End PBXShellScriptBuildPhase section */

/* Begin PBXSourcesBuildPhase section */
		450B3F0928611D8900F1B025 /* Sources */ = {
			isa = PBXSourcesBuildPhase;
			buildActionMask = 2147483647;
			files = (
				4506D58B286D0E3F006CD863 /* PetResponse.swift in Sources */,
				45E5368C28734E0400260F6F /* PetProfileResponse.swift in Sources */,
				45E536862873345600260F6F /* PetBannerCollectionViewCell.swift in Sources */,
				45407428286202260076E075 /* ViewExtension.swift in Sources */,
				4506D57E286BAC1F006CD863 /* AppUtils.swift in Sources */,
				4554A21E286E18EE001A2FE3 /* HomeViewModel.swift in Sources */,
				4506D577286B7A0C006CD863 /* SuccessViewController.swift in Sources */,
				458523C62869E8A7007C9F07 /* LoginRepository.swift in Sources */,
				4506D575286B6384006CD863 /* SignUpViewModel.swift in Sources */,
				4540742E286291600076E075 /* SignUpViewController.swift in Sources */,
				455505D4286659EA0095D71A /* HomeViewController.swift in Sources */,
				452D1DC32873BAF200748E52 /* ObjectSavable.swift in Sources */,
				455505D02866536D0095D71A /* AdoptionViewController.swift in Sources */,
				4505DC6E2874AE9000D104EF /* BaseResponse.swift in Sources */,
				458523C92869E992007C9F07 /* User.swift in Sources */,
				458523D8286A6DE9007C9F07 /* AccountRequest.swift in Sources */,
				4554A222286E7286001A2FE3 /* PetProfileViewController.swift in Sources */,
				45E5368A28734C9F00260F6F /* PetProfileViewModel.swift in Sources */,
				450B3F1528611D8900F1B025 /* ViewController.swift in Sources */,
				4506D58D286D0ED9006CD863 /* Pet.swift in Sources */,
				4505DC722874B06900D104EF /* AdoptionDataSource.swift in Sources */,
				4505DC742874B0B000D104EF /* AdoptionRepository.swift in Sources */,
				452D1DCB2873C06100748E52 /* UserData.swift in Sources */,
				454074202861F3CD0076E075 /* UIExtensions.swift in Sources */,
				452D1DCD2873C33A00748E52 /* UserProfileRepository.swift in Sources */,
				4554A21A286E135C001A2FE3 /* CategoryResponse.swift in Sources */,
				458523CD2869EA1E007C9F07 /* AuthRequest.swift in Sources */,
				4506D580286BACE6006CD863 /* HttpUtil.swift in Sources */,
				450B3F1128611D8900F1B025 /* AppDelegate.swift in Sources */,
				4506D583286BB95A006CD863 /* ProfileViewController.swift in Sources */,
				4506D586286BBF38006CD863 /* CategoryCollectionViewCell.swift in Sources */,
				4505DC6C2874ABBA00D104EF /* AdoptionRequest.swift in Sources */,
				4554A21C286E1440001A2FE3 /* PetRepository.swift in Sources */,
				453D786E2867884400EBC53A /* ErrorPopUpViewController.swift in Sources */,
				4554A220286E4D27001A2FE3 /* PetCollectionViewCell.swift in Sources */,
				452D1DC62873BF3000748E52 /* CacheExtension.swift in Sources */,
				458523D5286A06BE007C9F07 /* ApiUtils.swift in Sources */,
				4506D58F286D0F01006CD863 /* Image.swift in Sources */,
				455505D2286653A30095D71A /* MainTabBarViewController.swift in Sources */,
				45407426286201C80076E075 /* LogInViewController.swift in Sources */,
				458523CF2869EA4C007C9F07 /* AuthResponse.swift in Sources */,
				4554A218286E1013001A2FE3 /* Category.swift in Sources */,
				450B3F1328611D8900F1B025 /* SceneDelegate.swift in Sources */,
				458523D22869FF39007C9F07 /* LogInViewModel.swift in Sources */,
			);
			runOnlyForDeploymentPostprocessing = 0;
		};
/* End PBXSourcesBuildPhase section */

/* Begin PBXVariantGroup section */
		450B3F1628611D8900F1B025 /* Main.storyboard */ = {
			isa = PBXVariantGroup;
			children = (
				450B3F1728611D8900F1B025 /* Base */,
			);
			name = Main.storyboard;
			sourceTree = "<group>";
		};
		450B3F1B28611D8A00F1B025 /* LaunchScreen.storyboard */ = {
			isa = PBXVariantGroup;
			children = (
				450B3F1C28611D8A00F1B025 /* Base */,
			);
			name = LaunchScreen.storyboard;
			sourceTree = "<group>";
		};
/* End PBXVariantGroup section */

/* Begin XCBuildConfiguration section */
		450B3F1F28611D8A00F1B025 /* Debug */ = {
			isa = XCBuildConfiguration;
			buildSettings = {
				ALWAYS_SEARCH_USER_PATHS = NO;
				CLANG_ANALYZER_NONNULL = YES;
				CLANG_ANALYZER_NUMBER_OBJECT_CONVERSION = YES_AGGRESSIVE;
				CLANG_CXX_LANGUAGE_STANDARD = "gnu++17";
				CLANG_CXX_LIBRARY = "libc++";
				CLANG_ENABLE_MODULES = YES;
				CLANG_ENABLE_OBJC_ARC = YES;
				CLANG_ENABLE_OBJC_WEAK = YES;
				CLANG_WARN_BLOCK_CAPTURE_AUTORELEASING = YES;
				CLANG_WARN_BOOL_CONVERSION = YES;
				CLANG_WARN_COMMA = YES;
				CLANG_WARN_CONSTANT_CONVERSION = YES;
				CLANG_WARN_DEPRECATED_OBJC_IMPLEMENTATIONS = YES;
				CLANG_WARN_DIRECT_OBJC_ISA_USAGE = YES_ERROR;
				CLANG_WARN_DOCUMENTATION_COMMENTS = YES;
				CLANG_WARN_EMPTY_BODY = YES;
				CLANG_WARN_ENUM_CONVERSION = YES;
				CLANG_WARN_INFINITE_RECURSION = YES;
				CLANG_WARN_INT_CONVERSION = YES;
				CLANG_WARN_NON_LITERAL_NULL_CONVERSION = YES;
				CLANG_WARN_OBJC_IMPLICIT_RETAIN_SELF = YES;
				CLANG_WARN_OBJC_LITERAL_CONVERSION = YES;
				CLANG_WARN_OBJC_ROOT_CLASS = YES_ERROR;
				CLANG_WARN_QUOTED_INCLUDE_IN_FRAMEWORK_HEADER = YES;
				CLANG_WARN_RANGE_LOOP_ANALYSIS = YES;
				CLANG_WARN_STRICT_PROTOTYPES = YES;
				CLANG_WARN_SUSPICIOUS_MOVE = YES;
				CLANG_WARN_UNGUARDED_AVAILABILITY = YES_AGGRESSIVE;
				CLANG_WARN_UNREACHABLE_CODE = YES;
				CLANG_WARN__DUPLICATE_METHOD_MATCH = YES;
				COPY_PHASE_STRIP = NO;
				DEBUG_INFORMATION_FORMAT = dwarf;
				ENABLE_STRICT_OBJC_MSGSEND = YES;
				ENABLE_TESTABILITY = YES;
				GCC_C_LANGUAGE_STANDARD = gnu11;
				GCC_DYNAMIC_NO_PIC = NO;
				GCC_NO_COMMON_BLOCKS = YES;
				GCC_OPTIMIZATION_LEVEL = 0;
				GCC_PREPROCESSOR_DEFINITIONS = (
					"DEBUG=1",
					"$(inherited)",
				);
				GCC_WARN_64_TO_32_BIT_CONVERSION = YES;
				GCC_WARN_ABOUT_RETURN_TYPE = YES_ERROR;
				GCC_WARN_UNDECLARED_SELECTOR = YES;
				GCC_WARN_UNINITIALIZED_AUTOS = YES_AGGRESSIVE;
				GCC_WARN_UNUSED_FUNCTION = YES;
				GCC_WARN_UNUSED_VARIABLE = YES;
				IPHONEOS_DEPLOYMENT_TARGET = 15.2;
				MTL_ENABLE_DEBUG_INFO = INCLUDE_SOURCE;
				MTL_FAST_MATH = YES;
				ONLY_ACTIVE_ARCH = YES;
				SDKROOT = iphoneos;
				SWIFT_ACTIVE_COMPILATION_CONDITIONS = DEBUG;
				SWIFT_OPTIMIZATION_LEVEL = "-Onone";
			};
			name = Debug;
		};
		450B3F2028611D8A00F1B025 /* Release */ = {
			isa = XCBuildConfiguration;
			buildSettings = {
				ALWAYS_SEARCH_USER_PATHS = NO;
				CLANG_ANALYZER_NONNULL = YES;
				CLANG_ANALYZER_NUMBER_OBJECT_CONVERSION = YES_AGGRESSIVE;
				CLANG_CXX_LANGUAGE_STANDARD = "gnu++17";
				CLANG_CXX_LIBRARY = "libc++";
				CLANG_ENABLE_MODULES = YES;
				CLANG_ENABLE_OBJC_ARC = YES;
				CLANG_ENABLE_OBJC_WEAK = YES;
				CLANG_WARN_BLOCK_CAPTURE_AUTORELEASING = YES;
				CLANG_WARN_BOOL_CONVERSION = YES;
				CLANG_WARN_COMMA = YES;
				CLANG_WARN_CONSTANT_CONVERSION = YES;
				CLANG_WARN_DEPRECATED_OBJC_IMPLEMENTATIONS = YES;
				CLANG_WARN_DIRECT_OBJC_ISA_USAGE = YES_ERROR;
				CLANG_WARN_DOCUMENTATION_COMMENTS = YES;
				CLANG_WARN_EMPTY_BODY = YES;
				CLANG_WARN_ENUM_CONVERSION = YES;
				CLANG_WARN_INFINITE_RECURSION = YES;
				CLANG_WARN_INT_CONVERSION = YES;
				CLANG_WARN_NON_LITERAL_NULL_CONVERSION = YES;
				CLANG_WARN_OBJC_IMPLICIT_RETAIN_SELF = YES;
				CLANG_WARN_OBJC_LITERAL_CONVERSION = YES;
				CLANG_WARN_OBJC_ROOT_CLASS = YES_ERROR;
				CLANG_WARN_QUOTED_INCLUDE_IN_FRAMEWORK_HEADER = YES;
				CLANG_WARN_RANGE_LOOP_ANALYSIS = YES;
				CLANG_WARN_STRICT_PROTOTYPES = YES;
				CLANG_WARN_SUSPICIOUS_MOVE = YES;
				CLANG_WARN_UNGUARDED_AVAILABILITY = YES_AGGRESSIVE;
				CLANG_WARN_UNREACHABLE_CODE = YES;
				CLANG_WARN__DUPLICATE_METHOD_MATCH = YES;
				COPY_PHASE_STRIP = NO;
				DEBUG_INFORMATION_FORMAT = "dwarf-with-dsym";
				ENABLE_NS_ASSERTIONS = NO;
				ENABLE_STRICT_OBJC_MSGSEND = YES;
				GCC_C_LANGUAGE_STANDARD = gnu11;
				GCC_NO_COMMON_BLOCKS = YES;
				GCC_WARN_64_TO_32_BIT_CONVERSION = YES;
				GCC_WARN_ABOUT_RETURN_TYPE = YES_ERROR;
				GCC_WARN_UNDECLARED_SELECTOR = YES;
				GCC_WARN_UNINITIALIZED_AUTOS = YES_AGGRESSIVE;
				GCC_WARN_UNUSED_FUNCTION = YES;
				GCC_WARN_UNUSED_VARIABLE = YES;
				IPHONEOS_DEPLOYMENT_TARGET = 15.2;
				MTL_ENABLE_DEBUG_INFO = NO;
				MTL_FAST_MATH = YES;
				SDKROOT = iphoneos;
				SWIFT_COMPILATION_MODE = wholemodule;
				SWIFT_OPTIMIZATION_LEVEL = "-O";
				VALIDATE_PRODUCT = YES;
			};
			name = Release;
		};
		450B3F2228611D8A00F1B025 /* Debug */ = {
			isa = XCBuildConfiguration;
			baseConfigurationReference = DF5AE19B79467414395DAB09 /* Pods-PetAdoptionApp.debug.xcconfig */;
			buildSettings = {
				ASSETCATALOG_COMPILER_APPICON_NAME = AppIcon;
				ASSETCATALOG_COMPILER_GLOBAL_ACCENT_COLOR_NAME = AccentColor;
				CODE_SIGN_STYLE = Automatic;
				CURRENT_PROJECT_VERSION = 1;
				GENERATE_INFOPLIST_FILE = YES;
				INFOPLIST_FILE = PetAdoptionApp/Info.plist;
				INFOPLIST_KEY_UIApplicationSupportsIndirectInputEvents = YES;
				INFOPLIST_KEY_UILaunchStoryboardName = LaunchScreen;
				INFOPLIST_KEY_UIMainStoryboardFile = LogIn;
				INFOPLIST_KEY_UISupportedInterfaceOrientations = UIInterfaceOrientationPortrait;
				INFOPLIST_KEY_UISupportedInterfaceOrientations_iPad = "UIInterfaceOrientationPortrait UIInterfaceOrientationPortraitUpsideDown UIInterfaceOrientationLandscapeLeft UIInterfaceOrientationLandscapeRight";
				INFOPLIST_KEY_UISupportedInterfaceOrientations_iPhone = "UIInterfaceOrientationPortrait UIInterfaceOrientationLandscapeLeft UIInterfaceOrientationLandscapeRight";
				LD_RUNPATH_SEARCH_PATHS = (
					"$(inherited)",
					"@executable_path/Frameworks",
				);
				MARKETING_VERSION = 1.0;
				PRODUCT_BUNDLE_IDENTIFIER = pe.rodil.dev.PetAdoptionApp;
				PRODUCT_NAME = "$(TARGET_NAME)";
				SWIFT_EMIT_LOC_STRINGS = YES;
				SWIFT_VERSION = 5.0;
				TARGETED_DEVICE_FAMILY = "1,2";
			};
			name = Debug;
		};
		450B3F2328611D8A00F1B025 /* Release */ = {
			isa = XCBuildConfiguration;
			baseConfigurationReference = EDDFAA98D766BD86E2B3B3FE /* Pods-PetAdoptionApp.release.xcconfig */;
			buildSettings = {
				ASSETCATALOG_COMPILER_APPICON_NAME = AppIcon;
				ASSETCATALOG_COMPILER_GLOBAL_ACCENT_COLOR_NAME = AccentColor;
				CODE_SIGN_STYLE = Automatic;
				CURRENT_PROJECT_VERSION = 1;
				GENERATE_INFOPLIST_FILE = YES;
				INFOPLIST_FILE = PetAdoptionApp/Info.plist;
				INFOPLIST_KEY_UIApplicationSupportsIndirectInputEvents = YES;
				INFOPLIST_KEY_UILaunchStoryboardName = LaunchScreen;
				INFOPLIST_KEY_UIMainStoryboardFile = LogIn;
				INFOPLIST_KEY_UISupportedInterfaceOrientations = UIInterfaceOrientationPortrait;
				INFOPLIST_KEY_UISupportedInterfaceOrientations_iPad = "UIInterfaceOrientationPortrait UIInterfaceOrientationPortraitUpsideDown UIInterfaceOrientationLandscapeLeft UIInterfaceOrientationLandscapeRight";
				INFOPLIST_KEY_UISupportedInterfaceOrientations_iPhone = "UIInterfaceOrientationPortrait UIInterfaceOrientationLandscapeLeft UIInterfaceOrientationLandscapeRight";
				LD_RUNPATH_SEARCH_PATHS = (
					"$(inherited)",
					"@executable_path/Frameworks",
				);
				MARKETING_VERSION = 1.0;
				PRODUCT_BUNDLE_IDENTIFIER = pe.rodil.dev.PetAdoptionApp;
				PRODUCT_NAME = "$(TARGET_NAME)";
				SWIFT_EMIT_LOC_STRINGS = YES;
				SWIFT_VERSION = 5.0;
				TARGETED_DEVICE_FAMILY = "1,2";
			};
			name = Release;
		};
/* End XCBuildConfiguration section */

/* Begin XCConfigurationList section */
		450B3F0828611D8900F1B025 /* Build configuration list for PBXProject "PetAdoptionApp" */ = {
			isa = XCConfigurationList;
			buildConfigurations = (
				450B3F1F28611D8A00F1B025 /* Debug */,
				450B3F2028611D8A00F1B025 /* Release */,
			);
			defaultConfigurationIsVisible = 0;
			defaultConfigurationName = Release;
		};
		450B3F2128611D8A00F1B025 /* Build configuration list for PBXNativeTarget "PetAdoptionApp" */ = {
			isa = XCConfigurationList;
			buildConfigurations = (
				450B3F2228611D8A00F1B025 /* Debug */,
				450B3F2328611D8A00F1B025 /* Release */,
			);
			defaultConfigurationIsVisible = 0;
			defaultConfigurationName = Release;
		};
/* End XCConfigurationList section */
	};
	rootObject = 450B3F0528611D8900F1B025 /* Project object */;
}
